// !$*UTF8*$!
{
	archiveVersion = 1;
	classes = {
	};
	objectVersion = 52;
	objects = {

/* Begin PBXBuildFile section */
		7F115A0B2713FBD00090EC86 /* MainMenuButton.swift in Sources */ = {isa = PBXBuildFile; fileRef = 7F115A0A2713FBD00090EC86 /* MainMenuButton.swift */; };
		7F115A0F2713FE4C0090EC86 /* PostView.swift in Sources */ = {isa = PBXBuildFile; fileRef = 7F115A0E2713FE4C0090EC86 /* PostView.swift */; };
		7F1678F62722BC76006B634F /* ImagePickerView.swift in Sources */ = {isa = PBXBuildFile; fileRef = 7F1678F52722BC76006B634F /* ImagePickerView.swift */; };
		7F3B85FF26A5772F00B77A5D /* FlowerMapApp.swift in Sources */ = {isa = PBXBuildFile; fileRef = 7F3B85FE26A5772F00B77A5D /* FlowerMapApp.swift */; };
		7F3B860126A5772F00B77A5D /* MainView.swift in Sources */ = {isa = PBXBuildFile; fileRef = 7F3B860026A5772F00B77A5D /* MainView.swift */; };
		7F3B860326A5773000B77A5D /* Assets.xcassets in Resources */ = {isa = PBXBuildFile; fileRef = 7F3B860226A5773000B77A5D /* Assets.xcassets */; };
		7F3B860626A5773000B77A5D /* Preview Assets.xcassets in Resources */ = {isa = PBXBuildFile; fileRef = 7F3B860526A5773000B77A5D /* Preview Assets.xcassets */; };
		7F3EAE8327056425000A8110 /* SideMenuView.swift in Sources */ = {isa = PBXBuildFile; fileRef = 7F3EAE8227056425000A8110 /* SideMenuView.swift */; };
		7F4A35412713D72600AFF0D1 /* CaptionView.swift in Sources */ = {isa = PBXBuildFile; fileRef = 7F4A35402713D72600AFF0D1 /* CaptionView.swift */; };
		7F511A33270AC2AF0094299C /* SideMenuButton.swift in Sources */ = {isa = PBXBuildFile; fileRef = 7F511A32270AC2AF0094299C /* SideMenuButton.swift */; };
		7F511A37270AE8120094299C /* SearchMenuButton.swift in Sources */ = {isa = PBXBuildFile; fileRef = 7F511A36270AE8120094299C /* SearchMenuButton.swift */; };
		7F561A282720FF19001972B0 /* TagManegerListView.swift in Sources */ = {isa = PBXBuildFile; fileRef = 7F561A272720FF19001972B0 /* TagManegerListView.swift */; };
		7F561A2B27210CD1001972B0 /* CloseButtonView.swift in Sources */ = {isa = PBXBuildFile; fileRef = 7F561A2A27210CD1001972B0 /* CloseButtonView.swift */; };
		7F561A3127211BEB001972B0 /* ContentView.swift in Sources */ = {isa = PBXBuildFile; fileRef = 7F561A3027211BEB001972B0 /* ContentView.swift */; };
		7F5FAD58271AA03400292578 /* PostTagView.swift in Sources */ = {isa = PBXBuildFile; fileRef = 7F5FAD57271AA03400292578 /* PostTagView.swift */; };
		7F6C075A2717C291007397C9 /* PostManagerView.swift in Sources */ = {isa = PBXBuildFile; fileRef = 7F6C07592717C291007397C9 /* PostManagerView.swift */; };
		7F7879F2270EA66E00CD1255 /* MySubmission.swift in Sources */ = {isa = PBXBuildFile; fileRef = 7F7879F1270EA66E00CD1255 /* MySubmission.swift */; };
		7F7879F8271006B600CD1255 /* SubmissionView.swift in Sources */ = {isa = PBXBuildFile; fileRef = 7F7879F7271006B600CD1255 /* SubmissionView.swift */; };
		7F7C9E1F272A4CF000EA6579 /* AuthViewModel.swift in Sources */ = {isa = PBXBuildFile; fileRef = 7F7C9E1E272A4CF000EA6579 /* AuthViewModel.swift */; };
		7F7C9E21272A4E4B00EA6579 /* Constans.swift in Sources */ = {isa = PBXBuildFile; fileRef = 7F7C9E20272A4E4B00EA6579 /* Constans.swift */; };
		7F80F18C272A510400893C07 /* Post.swift in Sources */ = {isa = PBXBuildFile; fileRef = 7F80F18B272A510400893C07 /* Post.swift */; };
		7F80F18F272A510B00893C07 /* Tag.swift in Sources */ = {isa = PBXBuildFile; fileRef = 7F80F18E272A510B00893C07 /* Tag.swift */; };
		7F80F192272A511400893C07 /* User.swift in Sources */ = {isa = PBXBuildFile; fileRef = 7F80F191272A511400893C07 /* User.swift */; };
		7F80F1CE272B3A5200893C07 /* TagCellViewModel.swift in Sources */ = {isa = PBXBuildFile; fileRef = 7F80F1CD272B3A5200893C07 /* TagCellViewModel.swift */; };
		7F80F1D2272B3A9B00893C07 /* TagViewModel.swift in Sources */ = {isa = PBXBuildFile; fileRef = 7F80F1D1272B3A9B00893C07 /* TagViewModel.swift */; };
		7F80F1D6272B3B7100893C07 /* ImageUploader.swift in Sources */ = {isa = PBXBuildFile; fileRef = 7F80F1D5272B3B7100893C07 /* ImageUploader.swift */; };
		7F80F1E8272B7BB600893C07 /* UploadPostViewModel.swift in Sources */ = {isa = PBXBuildFile; fileRef = 7F80F1E7272B7BB600893C07 /* UploadPostViewModel.swift */; };
		7F9D3DF42716E6B800D24399 /* RnkingView.swift in Sources */ = {isa = PBXBuildFile; fileRef = 7F9D3DF32716E6B800D24399 /* RnkingView.swift */; };
		7F9D3DFA27182F6800D24399 /* TagButton.swift in Sources */ = {isa = PBXBuildFile; fileRef = 7F9D3DF927182F6800D24399 /* TagButton.swift */; };
		7F9D3DFC27182FFB00D24399 /* Ranking1st.swift in Sources */ = {isa = PBXBuildFile; fileRef = 7F9D3DFB27182FFB00D24399 /* Ranking1st.swift */; };
		7F9D3DFE2718300700D24399 /* Ranking2nd.swift in Sources */ = {isa = PBXBuildFile; fileRef = 7F9D3DFD2718300700D24399 /* Ranking2nd.swift */; };
		7F9D3E002718301300D24399 /* Ranking3rd.swift in Sources */ = {isa = PBXBuildFile; fileRef = 7F9D3DFF2718301300D24399 /* Ranking3rd.swift */; };
		7FCF0420272B803300700C9C /* ContentScrollView.swift in Sources */ = {isa = PBXBuildFile; fileRef = 7FCF041F272B803300700C9C /* ContentScrollView.swift */; };
		7FD00518272669FA003CFDC1 /* AddTagView.swift in Sources */ = {isa = PBXBuildFile; fileRef = 7FD00517272669FA003CFDC1 /* AddTagView.swift */; };
		7FD0051D2726A190003CFDC1 /* PHPickerView.swift in Sources */ = {isa = PBXBuildFile; fileRef = 7FD0051C2726A190003CFDC1 /* PHPickerView.swift */; };
		7FD696B3272112A200C39E2E /* Ranking.swift in Sources */ = {isa = PBXBuildFile; fileRef = 7FD696B2272112A200C39E2E /* Ranking.swift */; };
		7FE3D350272A7CC300B86371 /* PostScrollView.swift in Sources */ = {isa = PBXBuildFile; fileRef = 7FE3D34F272A7CC300B86371 /* PostScrollView.swift */; };
		7FF50F2927226B5600F846EB /* MyPageView.swift in Sources */ = {isa = PBXBuildFile; fileRef = 7FF50F2827226B5600F846EB /* MyPageView.swift */; };
		7FFF0BB0271D3ED1002C5A05 /* PhotoView.swift in Sources */ = {isa = PBXBuildFile; fileRef = 7FFF0BAF271D3ED1002C5A05 /* PhotoView.swift */; };
/* End PBXBuildFile section */

/* Begin PBXFileReference section */
		7F115A0A2713FBD00090EC86 /* MainMenuButton.swift */ = {isa = PBXFileReference; fileEncoding = 4; lastKnownFileType = sourcecode.swift; path = MainMenuButton.swift; sourceTree = "<group>"; };
		7F115A0E2713FE4C0090EC86 /* PostView.swift */ = {isa = PBXFileReference; lastKnownFileType = sourcecode.swift; path = PostView.swift; sourceTree = "<group>"; };
		7F1678F52722BC76006B634F /* ImagePickerView.swift */ = {isa = PBXFileReference; lastKnownFileType = sourcecode.swift; path = ImagePickerView.swift; sourceTree = "<group>"; };
		7F3B85FB26A5772F00B77A5D /* FlowerMap.app */ = {isa = PBXFileReference; explicitFileType = wrapper.application; includeInIndex = 0; path = FlowerMap.app; sourceTree = BUILT_PRODUCTS_DIR; };
		7F3B85FE26A5772F00B77A5D /* FlowerMapApp.swift */ = {isa = PBXFileReference; lastKnownFileType = sourcecode.swift; path = FlowerMapApp.swift; sourceTree = "<group>"; };
		7F3B860026A5772F00B77A5D /* MainView.swift */ = {isa = PBXFileReference; lastKnownFileType = sourcecode.swift; path = MainView.swift; sourceTree = "<group>"; };
		7F3B860226A5773000B77A5D /* Assets.xcassets */ = {isa = PBXFileReference; lastKnownFileType = folder.assetcatalog; path = Assets.xcassets; sourceTree = "<group>"; };
		7F3B860526A5773000B77A5D /* Preview Assets.xcassets */ = {isa = PBXFileReference; lastKnownFileType = folder.assetcatalog; path = "Preview Assets.xcassets"; sourceTree = "<group>"; };
		7F3B860726A5773000B77A5D /* Info.plist */ = {isa = PBXFileReference; lastKnownFileType = text.plist.xml; path = Info.plist; sourceTree = "<group>"; };
		7F3EAE8227056425000A8110 /* SideMenuView.swift */ = {isa = PBXFileReference; lastKnownFileType = sourcecode.swift; path = SideMenuView.swift; sourceTree = "<group>"; };
		7F4A35402713D72600AFF0D1 /* CaptionView.swift */ = {isa = PBXFileReference; lastKnownFileType = sourcecode.swift; path = CaptionView.swift; sourceTree = "<group>"; };
		7F511A32270AC2AF0094299C /* SideMenuButton.swift */ = {isa = PBXFileReference; lastKnownFileType = sourcecode.swift; path = SideMenuButton.swift; sourceTree = "<group>"; };
		7F511A36270AE8120094299C /* SearchMenuButton.swift */ = {isa = PBXFileReference; lastKnownFileType = sourcecode.swift; path = SearchMenuButton.swift; sourceTree = "<group>"; };
		7F561A272720FF19001972B0 /* TagManegerListView.swift */ = {isa = PBXFileReference; lastKnownFileType = sourcecode.swift; path = TagManegerListView.swift; sourceTree = "<group>"; };
		7F561A2A27210CD1001972B0 /* CloseButtonView.swift */ = {isa = PBXFileReference; lastKnownFileType = sourcecode.swift; path = CloseButtonView.swift; sourceTree = "<group>"; };
		7F561A3027211BEB001972B0 /* ContentView.swift */ = {isa = PBXFileReference; lastKnownFileType = sourcecode.swift; path = ContentView.swift; sourceTree = "<group>"; };
		7F5FAD57271AA03400292578 /* PostTagView.swift */ = {isa = PBXFileReference; lastKnownFileType = sourcecode.swift; path = PostTagView.swift; sourceTree = "<group>"; };
		7F6C07592717C291007397C9 /* PostManagerView.swift */ = {isa = PBXFileReference; lastKnownFileType = sourcecode.swift; path = PostManagerView.swift; sourceTree = "<group>"; };
		7F7879F1270EA66E00CD1255 /* MySubmission.swift */ = {isa = PBXFileReference; lastKnownFileType = sourcecode.swift; path = MySubmission.swift; sourceTree = "<group>"; };
		7F7879F7271006B600CD1255 /* SubmissionView.swift */ = {isa = PBXFileReference; lastKnownFileType = sourcecode.swift; path = SubmissionView.swift; sourceTree = "<group>"; };
		7F7C9E1E272A4CF000EA6579 /* AuthViewModel.swift */ = {isa = PBXFileReference; lastKnownFileType = sourcecode.swift; path = AuthViewModel.swift; sourceTree = "<group>"; };
		7F7C9E20272A4E4B00EA6579 /* Constans.swift */ = {isa = PBXFileReference; lastKnownFileType = sourcecode.swift; path = Constans.swift; sourceTree = "<group>"; };
		7F80F18B272A510400893C07 /* Post.swift */ = {isa = PBXFileReference; lastKnownFileType = sourcecode.swift; path = Post.swift; sourceTree = "<group>"; };
		7F80F18E272A510B00893C07 /* Tag.swift */ = {isa = PBXFileReference; lastKnownFileType = sourcecode.swift; path = Tag.swift; sourceTree = "<group>"; };
		7F80F191272A511400893C07 /* User.swift */ = {isa = PBXFileReference; lastKnownFileType = sourcecode.swift; path = User.swift; sourceTree = "<group>"; };
		7F80F1CD272B3A5200893C07 /* TagCellViewModel.swift */ = {isa = PBXFileReference; lastKnownFileType = sourcecode.swift; path = TagCellViewModel.swift; sourceTree = "<group>"; };
		7F80F1D1272B3A9B00893C07 /* TagViewModel.swift */ = {isa = PBXFileReference; lastKnownFileType = sourcecode.swift; path = TagViewModel.swift; sourceTree = "<group>"; };
		7F80F1D5272B3B7100893C07 /* ImageUploader.swift */ = {isa = PBXFileReference; lastKnownFileType = sourcecode.swift; path = ImageUploader.swift; sourceTree = "<group>"; };
		7F80F1E7272B7BB600893C07 /* UploadPostViewModel.swift */ = {isa = PBXFileReference; lastKnownFileType = sourcecode.swift; path = UploadPostViewModel.swift; sourceTree = "<group>"; };
		7F9D3DF32716E6B800D24399 /* RnkingView.swift */ = {isa = PBXFileReference; lastKnownFileType = sourcecode.swift; path = RnkingView.swift; sourceTree = "<group>"; };
		7F9D3DF927182F6800D24399 /* TagButton.swift */ = {isa = PBXFileReference; lastKnownFileType = sourcecode.swift; path = TagButton.swift; sourceTree = "<group>"; };
		7F9D3DFB27182FFB00D24399 /* Ranking1st.swift */ = {isa = PBXFileReference; lastKnownFileType = sourcecode.swift; path = Ranking1st.swift; sourceTree = "<group>"; };
		7F9D3DFD2718300700D24399 /* Ranking2nd.swift */ = {isa = PBXFileReference; lastKnownFileType = sourcecode.swift; path = Ranking2nd.swift; sourceTree = "<group>"; };
		7F9D3DFF2718301300D24399 /* Ranking3rd.swift */ = {isa = PBXFileReference; lastKnownFileType = sourcecode.swift; path = Ranking3rd.swift; sourceTree = "<group>"; };
		7FCF041F272B803300700C9C /* ContentScrollView.swift */ = {isa = PBXFileReference; lastKnownFileType = sourcecode.swift; path = ContentScrollView.swift; sourceTree = "<group>"; };
		7FD00517272669FA003CFDC1 /* AddTagView.swift */ = {isa = PBXFileReference; lastKnownFileType = sourcecode.swift; path = AddTagView.swift; sourceTree = "<group>"; };
		7FD0051C2726A190003CFDC1 /* PHPickerView.swift */ = {isa = PBXFileReference; lastKnownFileType = sourcecode.swift; path = PHPickerView.swift; sourceTree = "<group>"; };
		7FD696B2272112A200C39E2E /* Ranking.swift */ = {isa = PBXFileReference; lastKnownFileType = sourcecode.swift; path = Ranking.swift; sourceTree = "<group>"; };
		7FE3D34F272A7CC300B86371 /* PostScrollView.swift */ = {isa = PBXFileReference; lastKnownFileType = sourcecode.swift; path = PostScrollView.swift; sourceTree = "<group>"; };
		7FF50F2827226B5600F846EB /* MyPageView.swift */ = {isa = PBXFileReference; fileEncoding = 4; lastKnownFileType = sourcecode.swift; path = MyPageView.swift; sourceTree = "<group>"; };
		7FFF0BAF271D3ED1002C5A05 /* PhotoView.swift */ = {isa = PBXFileReference; lastKnownFileType = sourcecode.swift; path = PhotoView.swift; sourceTree = "<group>"; };
/* End PBXFileReference section */

/* Begin PBXFrameworksBuildPhase section */
		7F3B85F826A5772F00B77A5D /* Frameworks */ = {
			isa = PBXFrameworksBuildPhase;
			buildActionMask = 2147483647;
			files = (
			);
			runOnlyForDeploymentPostprocessing = 0;
		};
/* End PBXFrameworksBuildPhase section */

/* Begin PBXGroup section */
		7F3B85F226A5772F00B77A5D = {
			isa = PBXGroup;
			children = (
				7F3B85FD26A5772F00B77A5D /* FlowerMap */,
				7F3B85FC26A5772F00B77A5D /* Products */,
				7F4B830927226929000014DB /* Recovered References */,
			);
			sourceTree = "<group>";
		};
		7F3B85FC26A5772F00B77A5D /* Products */ = {
			isa = PBXGroup;
			children = (
				7F3B85FB26A5772F00B77A5D /* FlowerMap.app */,
			);
			name = Products;
			sourceTree = "<group>";
		};
		7F3B85FD26A5772F00B77A5D /* FlowerMap */ = {
			isa = PBXGroup;
			children = (
				7F80F189272A50F700893C07 /* Model */,
				7F80F1CB272B39F800893C07 /* ViewModel */,
				7F80F1D4272B3B2900893C07 /* API */,
				7F7C9E1D272A4C5A00EA6579 /* Auth */,
				7F3B85FE26A5772F00B77A5D /* FlowerMapApp.swift */,
				7F3B860026A5772F00B77A5D /* MainView.swift */,
				7F7879F1270EA66E00CD1255 /* MySubmission.swift */,
				7F9D3DF927182F6800D24399 /* TagButton.swift */,
				7FFF0BAF271D3ED1002C5A05 /* PhotoView.swift */,
				7F3EAE8227056425000A8110 /* SideMenuView.swift */,
				7F4A35402713D72600AFF0D1 /* CaptionView.swift */,
				7F115A0E2713FE4C0090EC86 /* PostView.swift */,
				7FE3D34F272A7CC300B86371 /* PostScrollView.swift */,
				7F511A32270AC2AF0094299C /* SideMenuButton.swift */,
				7F511A36270AE8120094299C /* SearchMenuButton.swift */,
				7FD00517272669FA003CFDC1 /* AddTagView.swift */,
				7F6C07592717C291007397C9 /* PostManagerView.swift */,
				7F561A272720FF19001972B0 /* TagManegerListView.swift */,
				7F561A3027211BEB001972B0 /* ContentView.swift */,
				7FCF041F272B803300700C9C /* ContentScrollView.swift */,
				7F561A2A27210CD1001972B0 /* CloseButtonView.swift */,
				7F115A0A2713FBD00090EC86 /* MainMenuButton.swift */,
				7F7879F7271006B600CD1255 /* SubmissionView.swift */,
				7F5FAD57271AA03400292578 /* PostTagView.swift */,
				7F9D3DF32716E6B800D24399 /* RnkingView.swift */,
				7F9D3DFB27182FFB00D24399 /* Ranking1st.swift */,
				7F9D3DFD2718300700D24399 /* Ranking2nd.swift */,
				7F9D3DFF2718301300D24399 /* Ranking3rd.swift */,
				7FD696B2272112A200C39E2E /* Ranking.swift */,
				7FF50F2827226B5600F846EB /* MyPageView.swift */,
				7F1678F52722BC76006B634F /* ImagePickerView.swift */,
				7FD0051C2726A190003CFDC1 /* PHPickerView.swift */,
				7F3B860226A5773000B77A5D /* Assets.xcassets */,
				7F3B860726A5773000B77A5D /* Info.plist */,
				7F3B860426A5773000B77A5D /* Preview Content */,
			);
			path = FlowerMap;
			sourceTree = "<group>";
		};
		7F3B860426A5773000B77A5D /* Preview Content */ = {
			isa = PBXGroup;
			children = (
				7F3B860526A5773000B77A5D /* Preview Assets.xcassets */,
			);
			path = "Preview Content";
			sourceTree = "<group>";
		};
		7F4B830927226929000014DB /* Recovered References */ = {
			isa = PBXGroup;
			children = (
			);
			name = "Recovered References";
			sourceTree = "<group>";
		};
		7F7C9E1D272A4C5A00EA6579 /* Auth */ = {
			isa = PBXGroup;
			children = (
				7F7C9E1E272A4CF000EA6579 /* AuthViewModel.swift */,
				7F7C9E20272A4E4B00EA6579 /* Constans.swift */,
			);
			path = Auth;
			sourceTree = "<group>";
		};
		7F80F189272A50F700893C07 /* Model */ = {
			isa = PBXGroup;
			children = (
				7F80F191272A511400893C07 /* User.swift */,
				7F80F18B272A510400893C07 /* Post.swift */,
				7F80F18E272A510B00893C07 /* Tag.swift */,
			);
			path = Model;
			sourceTree = "<group>";
		};
		7F80F1CB272B39F800893C07 /* ViewModel */ = {
			isa = PBXGroup;
			children = (
				7F80F1E6272B7B8400893C07 /* UploadPost */,
				7F80F1CC272B3A2100893C07 /* Tag */,
			);
			path = ViewModel;
			sourceTree = "<group>";
		};
		7F80F1CC272B3A2100893C07 /* Tag */ = {
			isa = PBXGroup;
			children = (
				7F80F1D1272B3A9B00893C07 /* TagViewModel.swift */,
				7F80F1CD272B3A5200893C07 /* TagCellViewModel.swift */,
			);
			path = Tag;
			sourceTree = "<group>";
		};
		7F80F1D4272B3B2900893C07 /* API */ = {
			isa = PBXGroup;
			children = (
				7F80F1D5272B3B7100893C07 /* ImageUploader.swift */,
			);
			path = API;
			sourceTree = "<group>";
		};
		7F80F1E6272B7B8400893C07 /* UploadPost */ = {
			isa = PBXGroup;
			children = (
				7F80F1E7272B7BB600893C07 /* UploadPostViewModel.swift */,
			);
			path = UploadPost;
			sourceTree = "<group>";
		};
/* End PBXGroup section */

/* Begin PBXNativeTarget section */
		7F3B85FA26A5772F00B77A5D /* FlowerMap */ = {
			isa = PBXNativeTarget;
			buildConfigurationList = 7F3B860A26A5773000B77A5D /* Build configuration list for PBXNativeTarget "FlowerMap" */;
			buildPhases = (
				7F3B85F726A5772F00B77A5D /* Sources */,
				7F3B85F826A5772F00B77A5D /* Frameworks */,
				7F3B85F926A5772F00B77A5D /* Resources */,
			);
			buildRules = (
			);
			dependencies = (
			);
			name = FlowerMap;
			packageProductDependencies = (
			);
			productName = FlowerMap;
			productReference = 7F3B85FB26A5772F00B77A5D /* FlowerMap.app */;
			productType = "com.apple.product-type.application";
		};
/* End PBXNativeTarget section */

/* Begin PBXProject section */
		7F3B85F326A5772F00B77A5D /* Project object */ = {
			isa = PBXProject;
			attributes = {
				LastSwiftUpdateCheck = 1240;
				LastUpgradeCheck = 1240;
				TargetAttributes = {
					7F3B85FA26A5772F00B77A5D = {
						CreatedOnToolsVersion = 12.4;
					};
				};
			};
			buildConfigurationList = 7F3B85F626A5772F00B77A5D /* Build configuration list for PBXProject "FlowerMap" */;
			compatibilityVersion = "Xcode 9.3";
			developmentRegion = en;
			hasScannedForEncodings = 0;
			knownRegions = (
				en,
				Base,
			);
			mainGroup = 7F3B85F226A5772F00B77A5D;
			packageReferences = (
				7F80F199272A62F700893C07 /* XCRemoteSwiftPackageReference "firebase-ios-sdk" */,
				7F80F1A7272A63BB00893C07 /* XCRemoteSwiftPackageReference "Kingfisher" */,
			);
			productRefGroup = 7F3B85FC26A5772F00B77A5D /* Products */;
			projectDirPath = "";
			projectRoot = "";
			targets = (
				7F3B85FA26A5772F00B77A5D /* FlowerMap */,
			);
		};
/* End PBXProject section */

/* Begin PBXResourcesBuildPhase section */
		7F3B85F926A5772F00B77A5D /* Resources */ = {
			isa = PBXResourcesBuildPhase;
			buildActionMask = 2147483647;
			files = (
				7F3B860626A5773000B77A5D /* Preview Assets.xcassets in Resources */,
				7F3B860326A5773000B77A5D /* Assets.xcassets in Resources */,
			);
			runOnlyForDeploymentPostprocessing = 0;
		};
/* End PBXResourcesBuildPhase section */

/* Begin PBXSourcesBuildPhase section */
		7F3B85F726A5772F00B77A5D /* Sources */ = {
			isa = PBXSourcesBuildPhase;
			buildActionMask = 2147483647;
			files = (
				7F3B860126A5772F00B77A5D /* MainView.swift in Sources */,
				7F9D3DFC27182FFB00D24399 /* Ranking1st.swift in Sources */,
				7FD696B3272112A200C39E2E /* Ranking.swift in Sources */,
				7FFF0BB0271D3ED1002C5A05 /* PhotoView.swift in Sources */,
				7F80F192272A511400893C07 /* User.swift in Sources */,
				7F1678F62722BC76006B634F /* ImagePickerView.swift in Sources */,
				7F3B85FF26A5772F00B77A5D /* FlowerMapApp.swift in Sources */,
				7F80F1D6272B3B7100893C07 /* ImageUploader.swift in Sources */,
				7F3EAE8327056425000A8110 /* SideMenuView.swift in Sources */,
				7F115A0B2713FBD00090EC86 /* MainMenuButton.swift in Sources */,
				7F80F1CE272B3A5200893C07 /* TagCellViewModel.swift in Sources */,
				7F80F1E8272B7BB600893C07 /* UploadPostViewModel.swift in Sources */,
				7F6C075A2717C291007397C9 /* PostManagerView.swift in Sources */,
				7F561A3127211BEB001972B0 /* ContentView.swift in Sources */,
				7F511A37270AE8120094299C /* SearchMenuButton.swift in Sources */,
				7FF50F2927226B5600F846EB /* MyPageView.swift in Sources */,
				7F80F18F272A510B00893C07 /* Tag.swift in Sources */,
				7F561A282720FF19001972B0 /* TagManegerListView.swift in Sources */,
				7F4A35412713D72600AFF0D1 /* CaptionView.swift in Sources */,
				7F561A2B27210CD1001972B0 /* CloseButtonView.swift in Sources */,
				7FCF0420272B803300700C9C /* ContentScrollView.swift in Sources */,
				7F9D3DFA27182F6800D24399 /* TagButton.swift in Sources */,
				7F511A33270AC2AF0094299C /* SideMenuButton.swift in Sources */,
				7F7C9E1F272A4CF000EA6579 /* AuthViewModel.swift in Sources */,
				7F80F1D2272B3A9B00893C07 /* TagViewModel.swift in Sources */,
				7F115A0F2713FE4C0090EC86 /* PostView.swift in Sources */,
				7FE3D350272A7CC300B86371 /* PostScrollView.swift in Sources */,
				7FD0051D2726A190003CFDC1 /* PHPickerView.swift in Sources */,
				7F7879F8271006B600CD1255 /* SubmissionView.swift in Sources */,
				7FD00518272669FA003CFDC1 /* AddTagView.swift in Sources */,
				7F80F18C272A510400893C07 /* Post.swift in Sources */,
				7F5FAD58271AA03400292578 /* PostTagView.swift in Sources */,
				7F7879F2270EA66E00CD1255 /* MySubmission.swift in Sources */,
				7F9D3DFE2718300700D24399 /* Ranking2nd.swift in Sources */,
				7F9D3E002718301300D24399 /* Ranking3rd.swift in Sources */,
				7F7C9E21272A4E4B00EA6579 /* Constans.swift in Sources */,
				7F9D3DF42716E6B800D24399 /* RnkingView.swift in Sources */,
			);
			runOnlyForDeploymentPostprocessing = 0;
		};
/* End PBXSourcesBuildPhase section */

/* Begin XCBuildConfiguration section */
		7F3B860826A5773000B77A5D /* Debug */ = {
			isa = XCBuildConfiguration;
			buildSettings = {
				ALWAYS_SEARCH_USER_PATHS = NO;
				CLANG_ANALYZER_NONNULL = YES;
				CLANG_ANALYZER_NUMBER_OBJECT_CONVERSION = YES_AGGRESSIVE;
				CLANG_CXX_LANGUAGE_STANDARD = "gnu++14";
				CLANG_CXX_LIBRARY = "libc++";
				CLANG_ENABLE_MODULES = YES;
				CLANG_ENABLE_OBJC_ARC = YES;
				CLANG_ENABLE_OBJC_WEAK = YES;
				CLANG_WARN_BLOCK_CAPTURE_AUTORELEASING = YES;
				CLANG_WARN_BOOL_CONVERSION = YES;
				CLANG_WARN_COMMA = YES;
				CLANG_WARN_CONSTANT_CONVERSION = YES;
				CLANG_WARN_DEPRECATED_OBJC_IMPLEMENTATIONS = YES;
				CLANG_WARN_DIRECT_OBJC_ISA_USAGE = YES_ERROR;
				CLANG_WARN_DOCUMENTATION_COMMENTS = YES;
				CLANG_WARN_EMPTY_BODY = YES;
				CLANG_WARN_ENUM_CONVERSION = YES;
				CLANG_WARN_INFINITE_RECURSION = YES;
				CLANG_WARN_INT_CONVERSION = YES;
				CLANG_WARN_NON_LITERAL_NULL_CONVERSION = YES;
				CLANG_WARN_OBJC_IMPLICIT_RETAIN_SELF = YES;
				CLANG_WARN_OBJC_LITERAL_CONVERSION = YES;
				CLANG_WARN_OBJC_ROOT_CLASS = YES_ERROR;
				CLANG_WARN_QUOTED_INCLUDE_IN_FRAMEWORK_HEADER = YES;
				CLANG_WARN_RANGE_LOOP_ANALYSIS = YES;
				CLANG_WARN_STRICT_PROTOTYPES = YES;
				CLANG_WARN_SUSPICIOUS_MOVE = YES;
				CLANG_WARN_UNGUARDED_AVAILABILITY = YES_AGGRESSIVE;
				CLANG_WARN_UNREACHABLE_CODE = YES;
				CLANG_WARN__DUPLICATE_METHOD_MATCH = YES;
				COPY_PHASE_STRIP = NO;
				DEBUG_INFORMATION_FORMAT = dwarf;
				ENABLE_STRICT_OBJC_MSGSEND = YES;
				ENABLE_TESTABILITY = YES;
				GCC_C_LANGUAGE_STANDARD = gnu11;
				GCC_DYNAMIC_NO_PIC = NO;
				GCC_NO_COMMON_BLOCKS = YES;
				GCC_OPTIMIZATION_LEVEL = 0;
				GCC_PREPROCESSOR_DEFINITIONS = (
					"DEBUG=1",
					"$(inherited)",
				);
				GCC_WARN_64_TO_32_BIT_CONVERSION = YES;
				GCC_WARN_ABOUT_RETURN_TYPE = YES_ERROR;
				GCC_WARN_UNDECLARED_SELECTOR = YES;
				GCC_WARN_UNINITIALIZED_AUTOS = YES_AGGRESSIVE;
				GCC_WARN_UNUSED_FUNCTION = YES;
				GCC_WARN_UNUSED_VARIABLE = YES;
				IPHONEOS_DEPLOYMENT_TARGET = 14.4;
				MTL_ENABLE_DEBUG_INFO = INCLUDE_SOURCE;
				MTL_FAST_MATH = YES;
				ONLY_ACTIVE_ARCH = YES;
				SDKROOT = iphoneos;
				SWIFT_ACTIVE_COMPILATION_CONDITIONS = DEBUG;
				SWIFT_OPTIMIZATION_LEVEL = "-Onone";
			};
			name = Debug;
		};
		7F3B860926A5773000B77A5D /* Release */ = {
			isa = XCBuildConfiguration;
			buildSettings = {
				ALWAYS_SEARCH_USER_PATHS = NO;
				CLANG_ANALYZER_NONNULL = YES;
				CLANG_ANALYZER_NUMBER_OBJECT_CONVERSION = YES_AGGRESSIVE;
				CLANG_CXX_LANGUAGE_STANDARD = "gnu++14";
				CLANG_CXX_LIBRARY = "libc++";
				CLANG_ENABLE_MODULES = YES;
				CLANG_ENABLE_OBJC_ARC = YES;
				CLANG_ENABLE_OBJC_WEAK = YES;
				CLANG_WARN_BLOCK_CAPTURE_AUTORELEASING = YES;
				CLANG_WARN_BOOL_CONVERSION = YES;
				CLANG_WARN_COMMA = YES;
				CLANG_WARN_CONSTANT_CONVERSION = YES;
				CLANG_WARN_DEPRECATED_OBJC_IMPLEMENTATIONS = YES;
				CLANG_WARN_DIRECT_OBJC_ISA_USAGE = YES_ERROR;
				CLANG_WARN_DOCUMENTATION_COMMENTS = YES;
				CLANG_WARN_EMPTY_BODY = YES;
				CLANG_WARN_ENUM_CONVERSION = YES;
				CLANG_WARN_INFINITE_RECURSION = YES;
				CLANG_WARN_INT_CONVERSION = YES;
				CLANG_WARN_NON_LITERAL_NULL_CONVERSION = YES;
				CLANG_WARN_OBJC_IMPLICIT_RETAIN_SELF = YES;
				CLANG_WARN_OBJC_LITERAL_CONVERSION = YES;
				CLANG_WARN_OBJC_ROOT_CLASS = YES_ERROR;
				CLANG_WARN_QUOTED_INCLUDE_IN_FRAMEWORK_HEADER = YES;
				CLANG_WARN_RANGE_LOOP_ANALYSIS = YES;
				CLANG_WARN_STRICT_PROTOTYPES = YES;
				CLANG_WARN_SUSPICIOUS_MOVE = YES;
				CLANG_WARN_UNGUARDED_AVAILABILITY = YES_AGGRESSIVE;
				CLANG_WARN_UNREACHABLE_CODE = YES;
				CLANG_WARN__DUPLICATE_METHOD_MATCH = YES;
				COPY_PHASE_STRIP = NO;
				DEBUG_INFORMATION_FORMAT = "dwarf-with-dsym";
				ENABLE_NS_ASSERTIONS = NO;
				ENABLE_STRICT_OBJC_MSGSEND = YES;
				GCC_C_LANGUAGE_STANDARD = gnu11;
				GCC_NO_COMMON_BLOCKS = YES;
				GCC_WARN_64_TO_32_BIT_CONVERSION = YES;
				GCC_WARN_ABOUT_RETURN_TYPE = YES_ERROR;
				GCC_WARN_UNDECLARED_SELECTOR = YES;
				GCC_WARN_UNINITIALIZED_AUTOS = YES_AGGRESSIVE;
				GCC_WARN_UNUSED_FUNCTION = YES;
				GCC_WARN_UNUSED_VARIABLE = YES;
				IPHONEOS_DEPLOYMENT_TARGET = 14.4;
				MTL_ENABLE_DEBUG_INFO = NO;
				MTL_FAST_MATH = YES;
				SDKROOT = iphoneos;
				SWIFT_COMPILATION_MODE = wholemodule;
				SWIFT_OPTIMIZATION_LEVEL = "-O";
				VALIDATE_PRODUCT = YES;
			};
			name = Release;
		};
		7F3B860B26A5773000B77A5D /* Debug */ = {
			isa = XCBuildConfiguration;
			buildSettings = {
				ASSETCATALOG_COMPILER_APPICON_NAME = AppIcon;
				ASSETCATALOG_COMPILER_GLOBAL_ACCENT_COLOR_NAME = AccentColor;
				CODE_SIGN_STYLE = Automatic;
				DEVELOPMENT_ASSET_PATHS = "\"FlowerMap/Preview Content\"";
				DEVELOPMENT_TEAM = R954NVR97H;
				ENABLE_PREVIEWS = YES;
				INFOPLIST_FILE = FlowerMap/Info.plist;
				IPHONEOS_DEPLOYMENT_TARGET = 14.0;
				LD_RUNPATH_SEARCH_PATHS = (
					"$(inherited)",
					"@executable_path/Frameworks",
				);
				PRODUCT_BUNDLE_IDENTIFIER = jp.ac.jec.cm.FlowerMap;
				PRODUCT_NAME = "$(TARGET_NAME)";
				SWIFT_VERSION = 5.0;
				TARGETED_DEVICE_FAMILY = "1,2";
			};
			name = Debug;
		};
		7F3B860C26A5773000B77A5D /* Release */ = {
			isa = XCBuildConfiguration;
			buildSettings = {
				ASSETCATALOG_COMPILER_APPICON_NAME = AppIcon;
				ASSETCATALOG_COMPILER_GLOBAL_ACCENT_COLOR_NAME = AccentColor;
				CODE_SIGN_STYLE = Automatic;
				DEVELOPMENT_ASSET_PATHS = "\"FlowerMap/Preview Content\"";
				DEVELOPMENT_TEAM = R954NVR97H;
				ENABLE_PREVIEWS = YES;
				INFOPLIST_FILE = FlowerMap/Info.plist;
				IPHONEOS_DEPLOYMENT_TARGET = 14.0;
				LD_RUNPATH_SEARCH_PATHS = (
					"$(inherited)",
					"@executable_path/Frameworks",
				);
				PRODUCT_BUNDLE_IDENTIFIER = jp.ac.jec.cm.FlowerMap;
				PRODUCT_NAME = "$(TARGET_NAME)";
				SWIFT_VERSION = 5.0;
				TARGETED_DEVICE_FAMILY = "1,2";
			};
			name = Release;
		};
/* End XCBuildConfiguration section */

/* Begin XCConfigurationList section */
		7F3B85F626A5772F00B77A5D /* Build configuration list for PBXProject "FlowerMap" */ = {
			isa = XCConfigurationList;
			buildConfigurations = (
				7F3B860826A5773000B77A5D /* Debug */,
				7F3B860926A5773000B77A5D /* Release */,
			);
			defaultConfigurationIsVisible = 0;
			defaultConfigurationName = Release;
		};
		7F3B860A26A5773000B77A5D /* Build configuration list for PBXNativeTarget "FlowerMap" */ = {
			isa = XCConfigurationList;
			buildConfigurations = (
				7F3B860B26A5773000B77A5D /* Debug */,
				7F3B860C26A5773000B77A5D /* Release */,
			);
			defaultConfigurationIsVisible = 0;
			defaultConfigurationName = Release;
		};
/* End XCConfigurationList section */

/* Begin XCRemoteSwiftPackageReference section */
		7F80F199272A62F700893C07 /* XCRemoteSwiftPackageReference "firebase-ios-sdk" */ = {
			isa = XCRemoteSwiftPackageReference;
			repositoryURL = "https://github.com/firebase/firebase-ios-sdk.git";
			requirement = {
				kind = upToNextMajorVersion;
				minimumVersion = 8.8.1;
			};
		};
		7F80F1A7272A63BB00893C07 /* XCRemoteSwiftPackageReference "Kingfisher" */ = {
			isa = XCRemoteSwiftPackageReference;
			repositoryURL = "https://github.com/onevcat/Kingfisher.git";
			requirement = {
				kind = upToNextMajorVersion;
				minimumVersion = 7.1.1;
			};
		};
/* End XCRemoteSwiftPackageReference section */
	};
	rootObject = 7F3B85F326A5772F00B77A5D /* Project object */;
}
